
Microsoft Visual Studio Solution File, Format Version 12.00
# Visual Studio Version 16
VisualStudioVersion = 16.0.30611.23
MinimumVisualStudioVersion = 10.0.40219.1
Project("{FAE04EC0-301F-11D3-BF4B-00C04F79EFBC}") = "Text editor", "Text editor\Text editor.csproj", "{9015AAE8-748C-4ACE-BDB3-20DB2EEFCB14}"
EndProject
Global
	GlobalSection(SolutionConfigurationPlatforms) = preSolution
		Debug|Any CPU = Debug|Any CPU
		Release|Any CPU = Release|Any CPU
	EndGlobalSection
	GlobalSection(ProjectConfigurationPlatforms) = postSolution
		{9015AAE8-748C-4ACE-BDB3-20DB2EEFCB14}.Debug|Any CPU.ActiveCfg = Debug|Any CPU
		{9015AAE8-748C-4ACE-BDB3-20DB2EEFCB14}.Debug|Any CPU.Build.0 = Debug|Any CPU
		{9015AAE8-748C-4ACE-BDB3-20DB2EEFCB14}.Release|Any CPU.ActiveCfg = Release|Any CPU
		{9015AAE8-748C-4ACE-BDB3-20DB2EEFCB14}.Release|Any CPU.Build.0 = Release|Any CPU
	EndGlobalSection
	GlobalSection(SolutionProperties) = preSolution
		HideSolutionNode = FALSE
	EndGlobalSection
	GlobalSection(ExtensibilityGlobals) = postSolution
		SolutionGuid = {CE505DC6-FC53-48D5-8CC2-148EAC2356B7}
	EndGlobalSection
EndGlobal
