
Microsoft Visual Studio Solution File, Format Version 12.00
# Visual Studio Version 16
VisualStudioVersion = 16.0.30611.23
MinimumVisualStudioVersion = 10.0.40219.1
Project("{FAE04EC0-301F-11D3-BF4B-00C04F79EFBC}") = "TodoApp", "TodoApp\TodoApp.csproj", "{53767620-5275-4D08-BD2A-5C7D292F15ED}"
EndProject
Global
	GlobalSection(SolutionConfigurationPlatforms) = preSolution
		Debug|Any CPU = Debug|Any CPU
		Release|Any CPU = Release|Any CPU
	EndGlobalSection
	GlobalSection(ProjectConfigurationPlatforms) = postSolution
		{53767620-5275-4D08-BD2A-5C7D292F15ED}.Debug|Any CPU.ActiveCfg = Debug|Any CPU
		{53767620-5275-4D08-BD2A-5C7D292F15ED}.Debug|Any CPU.Build.0 = Debug|Any CPU
		{53767620-5275-4D08-BD2A-5C7D292F15ED}.Release|Any CPU.ActiveCfg = Release|Any CPU
		{53767620-5275-4D08-BD2A-5C7D292F15ED}.Release|Any CPU.Build.0 = Release|Any CPU
	EndGlobalSection
	GlobalSection(SolutionProperties) = preSolution
		HideSolutionNode = FALSE
	EndGlobalSection
	GlobalSection(ExtensibilityGlobals) = postSolution
		SolutionGuid = {6444B796-D2BE-4BAA-AF99-C78558CA5459}
	EndGlobalSection
EndGlobal
